<?xml version="1.0" encoding="utf-8"?>
<Project ToolsVersion="4.0" xmlns="http://schemas.microsoft.com/developer/msbuild/2003">
  <ItemGroup>
    <ClCompile Include="main.cpp" />
    <ClCompile Include="..\imgui\imgui.cpp">
      <Filter>imgui</Filter>
    </ClCompile>
    <ClCompile Include="..\imgui\imgui_demo.cpp">
      <Filter>imgui</Filter>
    </ClCompile>
    <ClCompile Include="..\imgui\imgui_draw.cpp">
      <Filter>imgui</Filter>
    </ClCompile>
    <ClCompile Include="imgui_impl_dx11.cpp">
      <Filter>backend</Filter>
    </ClCompile>
    <ClCompile Include="..\imguiex\imguiex.cpp">
      <Filter>imguiex</Filter>
    </ClCompile>
    <ClCompile Include="..\imguiex\imguiex_api.cpp">
      <Filter>imguiex</Filter>
    </ClCompile>
    <ClCompile Include="..\imguiex\imguiex_canvas.cpp">
      <Filter>imguiex</Filter>
    </ClCompile>
    <ClCompile Include="samples\layouts.cpp">
      <Filter>samples</Filter>
    </ClCompile>
    <ClCompile Include="support\settings.cpp">
      <Filter>support</Filter>
    </ClCompile>
    <ClCompile Include="samples\canvas.cpp">
      <Filter>samples</Filter>
    </ClCompile>
    <ClCompile Include="samples\transformation.cpp">
      <Filter>samples</Filter>
    </ClCompile>
    <ClCompile Include="samples\blueprint-node.cpp">
      <Filter>samples</Filter>
    </ClCompile>
  </ItemGroup>
  <ItemGroup>
    <ClInclude Include="..\imgui\imconfig.h">
      <Filter>imgui</Filter>
    </ClInclude>
    <ClInclude Include="..\imgui\imgui.h">
      <Filter>imgui</Filter>
    </ClInclude>
    <ClInclude Include="..\imgui\imgui_internal.h">
      <Filter>imgui</Filter>
    </ClInclude>
    <ClInclude Include="imgui_impl_dx11.h">
      <Filter>backend</Filter>
    </ClInclude>
    <ClInclude Include="support\picojson.h">
      <Filter>support</Filter>
    </ClInclude>
    <ClInclude Include="..\imguiex\imguiex.h">
      <Filter>imguiex</Filter>
    </ClInclude>
    <ClInclude Include="..\imguiex\imguiex_internal.h">
      <Filter>imguiex</Filter>
    </ClInclude>
    <ClInclude Include="samples\samples.h">
      <Filter>samples</Filter>
    </ClInclude>
    <ClInclude Include="support\property.h">
      <Filter>support</Filter>
    </ClInclude>
    <ClInclude Include="support\settings.h">
      <Filter>support</Filter>
    </ClInclude>
    <ClInclude Include="..\imguiex\imguiex_canvas.h">
      <Filter>imguiex</Filter>
    </ClInclude>
  </ItemGroup>
  <ItemGroup>
    <Filter Include="imgui">
      <UniqueIdentifier>{443d8653-525c-455a-b620-814edc63ac2c}</UniqueIdentifier>
    </Filter>
    <Filter Include="backend">
      <UniqueIdentifier>{d86bf32b-ef7a-430d-8c95-0ff2007e8163}</UniqueIdentifier>
    </Filter>
    <Filter Include="support">
      <UniqueIdentifier>{97aee8ba-ce8d-400c-a9d6-4b7336e065da}</UniqueIdentifier>
    </Filter>
    <Filter Include="imguiex">
      <UniqueIdentifier>{8328e721-379d-49e9-95ba-603a7cbc6da4}</UniqueIdentifier>
    </Filter>
    <Filter Include="samples">
      <UniqueIdentifier>{ffffc7a3-209d-4364-8f0b-f8de0d8519eb}</UniqueIdentifier>
    </Filter>
  </ItemGroup>
  <ItemGroup>
    <None Include="support\settings.inl">
      <Filter>support</Filter>
    </None>
  </ItemGroup>
</Project>