<?xml version="1.0" encoding="utf-8"?>
<Project ToolsVersion="4.0" xmlns="http://schemas.microsoft.com/developer/msbuild/2003">
  <ItemGroup>
    <ClCompile Include="main.cpp" />
    <ClCompile Include="..\imgui\imgui.cpp">
      <Filter>imgui</Filter>
    </ClCompile>
    <ClCompile Include="..\imgui\imgui_demo.cpp">
      <Filter>imgui</Filter>
    </ClCompile>
    <ClCompile Include="..\imgui\imgui_draw.cpp">
      <Filter>imgui</Filter>
    </ClCompile>
    <ClCompile Include="imgui_impl_dx11.cpp">
      <Filter>backend</Filter>
    </ClCompile>
    <ClCompile Include="..\addons\imgui_transformation.cpp">
      <Filter>addons</Filter>
    </ClCompile>
    <ClCompile Include="support\Settings.cpp">
      <Filter>support</Filter>
    </ClCompile>
  </ItemGroup>
  <ItemGroup>
    <ClInclude Include="..\imgui\imconfig.h">
      <Filter>imgui</Filter>
    </ClInclude>
    <ClInclude Include="..\imgui\imgui.h">
      <Filter>imgui</Filter>
    </ClInclude>
    <ClInclude Include="..\imgui\imgui_internal.h">
      <Filter>imgui</Filter>
    </ClInclude>
    <ClInclude Include="imgui_impl_dx11.h">
      <Filter>backend</Filter>
    </ClInclude>
    <ClInclude Include="..\addons\imgui_transformation.h">
      <Filter>addons</Filter>
    </ClInclude>
    <ClInclude Include="support\picojson.h">
      <Filter>support</Filter>
    </ClInclude>
    <ClInclude Include="support\Settings.h">
      <Filter>support</Filter>
    </ClInclude>
  </ItemGroup>
  <ItemGroup>
    <Filter Include="imgui">
      <UniqueIdentifier>{443d8653-525c-455a-b620-814edc63ac2c}</UniqueIdentifier>
    </Filter>
    <Filter Include="backend">
      <UniqueIdentifier>{d86bf32b-ef7a-430d-8c95-0ff2007e8163}</UniqueIdentifier>
    </Filter>
    <Filter Include="addons">
      <UniqueIdentifier>{128d3eaa-3a2c-425a-b8c5-12bc26b13e2d}</UniqueIdentifier>
    </Filter>
    <Filter Include="support">
      <UniqueIdentifier>{97aee8ba-ce8d-400c-a9d6-4b7336e065da}</UniqueIdentifier>
    </Filter>
  </ItemGroup>
  <ItemGroup>
    <None Include="support\Settings.inl">
      <Filter>support</Filter>
    </None>
  </ItemGroup>
</Project>